{
  "name": "eerp",
  "version": "1.0.0",
  "lockfileVersion": 2,
  "requires": true,
  "packages": {
    "": {
      "name": "eerp",
      "version": "1.0.0",
      "funding": [
        {
          "type": "individual",
          "url": "https://paypal.me/dmnsgn"
        },
        {
          "type": "individual",
          "url": "https://commerce.coinbase.com/checkout/56cbdf28-e323-48d8-9c98-7019e72c97f3"
        }
      ],
      "license": "MIT",
      "devDependencies": {
        "canvas-context": "^3.1.0",
        "core-js": "^3.19.1",
        "es-module-shims": "^0.12.8",
        "tweakpane": "^3.0.5"
      },
      "engines": {
        "node": ">=15.0.0",
        "npm": ">=7.0.0"
      }
    },
    "node_modules/canvas-context": {
      "version": "3.1.0",
      "resolved": "https://registry.npmjs.org/canvas-context/-/canvas-context-3.1.0.tgz",
      "integrity": "sha512-XoWMC/y30EZoGSuFwsKhmrB3Ba2v56FDLtws2/itwyIUJ1JwnsZHOPqrf90Yiy3UoWA2HLNIvK6RarxbQdatkA==",
      "dev": true,
      "funding": [
        {
          "type": "individual",
          "url": "https://paypal.me/dmnsgn"
        },
        {
          "type": "individual",
          "url": "https://commerce.coinbase.com/checkout/56cbdf28-e323-48d8-9c98-7019e72c97f3"
        }
      ],
      "engines": {
        "node": ">=15.0.0",
        "npm": ">=7.0.0"
      }
    },
    "node_modules/core-js": {
      "version": "3.19.1",
      "resolved": "https://registry.npmjs.org/core-js/-/core-js-3.19.1.tgz",
      "integrity": "sha512-Tnc7E9iKd/b/ff7GFbhwPVzJzPztGrChB8X8GLqoYGdEOG8IpLnK1xPyo3ZoO3HsK6TodJS58VGPOxA+hLHQMg==",
      "dev": true,
      "hasInstallScript": true,
      "funding": {
        "type": "opencollective",
        "url": "https://opencollective.com/core-js"
      }
    },
    "node_modules/es-module-shims": {
      "version": "0.12.8",
      "resolved": "https://registry.npmjs.org/es-module-shims/-/es-module-shims-0.12.8.tgz",
      "integrity": "sha512-7xV1MzhZ/96nYLGXzK7pEWRAHc2nwge/FC0QaeRrSosIozdw+rL7SwPbmUrvKL/4yK/8cKICPCbvdk5XB90+oA==",
      "dev": true
    },
    "node_modules/tweakpane": {
      "version": "3.0.5",
      "resolved": "https://registry.npmjs.org/tweakpane/-/tweakpane-3.0.5.tgz",
      "integrity": "sha512-HivFjOs510RbZSNgxv4x5LVFsHFN1ryfgpOp3n6wrgg1jLxbdlA/UTIbTLi/DYH7g76rGQqW/+IRmHPfjIujpQ==",
      "dev": true
    }
  },
  "dependencies": {
    "canvas-context": {
      "version": "3.1.0",
      "resolved": "https://registry.npmjs.org/canvas-context/-/canvas-context-3.1.0.tgz",
      "integrity": "sha512-XoWMC/y30EZoGSuFwsKhmrB3Ba2v56FDLtws2/itwyIUJ1JwnsZHOPqrf90Yiy3UoWA2HLNIvK6RarxbQdatkA==",
      "dev": true
    },
    "core-js": {
      "version": "3.19.1",
      "resolved": "https://registry.npmjs.org/core-js/-/core-js-3.19.1.tgz",
      "integrity": "sha512-Tnc7E9iKd/b/ff7GFbhwPVzJzPztGrChB8X8GLqoYGdEOG8IpLnK1xPyo3ZoO3HsK6TodJS58VGPOxA+hLHQMg==",
      "dev": true
    },
    "es-module-shims": {
      "version": "0.12.8",
      "resolved": "https://registry.npmjs.org/es-module-shims/-/es-module-shims-0.12.8.tgz",
      "integrity": "sha512-7xV1MzhZ/96nYLGXzK7pEWRAHc2nwge/FC0QaeRrSosIozdw+rL7SwPbmUrvKL/4yK/8cKICPCbvdk5XB90+oA==",
      "dev": true
    },
    "tweakpane": {
      "version": "3.0.5",
      "resolved": "https://registry.npmjs.org/tweakpane/-/tweakpane-3.0.5.tgz",
      "integrity": "sha512-HivFjOs510RbZSNgxv4x5LVFsHFN1ryfgpOp3n6wrgg1jLxbdlA/UTIbTLi/DYH7g76rGQqW/+IRmHPfjIujpQ==",
      "dev": true
    }
  }
}
